
Microsoft Visual Studio Solution File, Format Version 12.00
Project("{FAE04EC0-301F-11D3-BF4B-00C04F79EFBC}") = "Bazar.Api", "Bazar.Api\Bazar.Api.csproj", "{98B90F99-C485-4AB7-9EF0-D6F8E8D88A89}"
EndProject
Project("{FAE04EC0-301F-11D3-BF4B-00C04F79EFBC}") = "Bazar.Core", "Bazar.Core\Bazar.Core.csproj", "{12A97AC5-3C00-4B69-AF3D-733F945763D0}"
EndProject
Project("{FAE04EC0-301F-11D3-BF4B-00C04F79EFBC}") = "Bazar.EF", "Bazar.EF\Bazar.EF.csproj", "{17ABFB04-D5DE-4897-86B1-47B96277B876}"
EndProject
Project("{FAE04EC0-301F-11D3-BF4B-00C04F79EFBC}") = "Bazar.Test", "Bazar.Test\Bazar.Test.csproj", "{9F119A83-CF9A-4278-82FD-0604041FB5D1}"
EndProject
Project("{2150E333-8FDC-42A3-9474-1A3956D46DE8}") = "Solution Items", "Solution Items", "{31D878FD-E4D4-48DD-8B4D-D6CE51562AB8}"
	ProjectSection(SolutionItems) = preProject
		docker-compose.yml = docker-compose.yml
	EndProjectSection
EndProject
Project("{FAE04EC0-301F-11D3-BF4B-00C04F79EFBC}") = "Bazar.Web.Mvc", "Bazar.Web.Mvc\Bazar.Web.Mvc.csproj", "{3499B879-33F0-44D1-9556-D062E5EE32CC}"
EndProject
Global
	GlobalSection(SolutionConfigurationPlatforms) = preSolution
		Debug|Any CPU = Debug|Any CPU
		Release|Any CPU = Release|Any CPU
	EndGlobalSection
	GlobalSection(ProjectConfigurationPlatforms) = postSolution
		{98B90F99-C485-4AB7-9EF0-D6F8E8D88A89}.Debug|Any CPU.ActiveCfg = Debug|Any CPU
		{98B90F99-C485-4AB7-9EF0-D6F8E8D88A89}.Debug|Any CPU.Build.0 = Debug|Any CPU
		{98B90F99-C485-4AB7-9EF0-D6F8E8D88A89}.Release|Any CPU.ActiveCfg = Release|Any CPU
		{98B90F99-C485-4AB7-9EF0-D6F8E8D88A89}.Release|Any CPU.Build.0 = Release|Any CPU
		{12A97AC5-3C00-4B69-AF3D-733F945763D0}.Debug|Any CPU.ActiveCfg = Debug|Any CPU
		{12A97AC5-3C00-4B69-AF3D-733F945763D0}.Debug|Any CPU.Build.0 = Debug|Any CPU
		{12A97AC5-3C00-4B69-AF3D-733F945763D0}.Release|Any CPU.ActiveCfg = Release|Any CPU
		{12A97AC5-3C00-4B69-AF3D-733F945763D0}.Release|Any CPU.Build.0 = Release|Any CPU
		{17ABFB04-D5DE-4897-86B1-47B96277B876}.Debug|Any CPU.ActiveCfg = Debug|Any CPU
		{17ABFB04-D5DE-4897-86B1-47B96277B876}.Debug|Any CPU.Build.0 = Debug|Any CPU
		{17ABFB04-D5DE-4897-86B1-47B96277B876}.Release|Any CPU.ActiveCfg = Release|Any CPU
		{17ABFB04-D5DE-4897-86B1-47B96277B876}.Release|Any CPU.Build.0 = Release|Any CPU
		{9F119A83-CF9A-4278-82FD-0604041FB5D1}.Debug|Any CPU.ActiveCfg = Debug|Any CPU
		{9F119A83-CF9A-4278-82FD-0604041FB5D1}.Debug|Any CPU.Build.0 = Debug|Any CPU
		{9F119A83-CF9A-4278-82FD-0604041FB5D1}.Release|Any CPU.ActiveCfg = Release|Any CPU
		{9F119A83-CF9A-4278-82FD-0604041FB5D1}.Release|Any CPU.Build.0 = Release|Any CPU
		{3499B879-33F0-44D1-9556-D062E5EE32CC}.Debug|Any CPU.ActiveCfg = Debug|Any CPU
		{3499B879-33F0-44D1-9556-D062E5EE32CC}.Debug|Any CPU.Build.0 = Debug|Any CPU
		{3499B879-33F0-44D1-9556-D062E5EE32CC}.Release|Any CPU.ActiveCfg = Release|Any CPU
		{3499B879-33F0-44D1-9556-D062E5EE32CC}.Release|Any CPU.Build.0 = Release|Any CPU
	EndGlobalSection
EndGlobal
